// !$*UTF8*$!
{
	archiveVersion = 1;
	classes = {
	};
	objectVersion = 55;
	objects = {

/* Begin PBXBuildFile section */
		8405E9DC27EAA30700F7B32E /* RPi_CPU_TempApp.swift in Sources */ = {isa = PBXBuildFile; fileRef = 8405E9DB27EAA30700F7B32E /* RPi_CPU_TempApp.swift */; };
		8405E9DE27EAA30700F7B32E /* ContentView.swift in Sources */ = {isa = PBXBuildFile; fileRef = 8405E9DD27EAA30700F7B32E /* ContentView.swift */; };
		8405E9E027EAA30A00F7B32E /* Assets.xcassets in Resources */ = {isa = PBXBuildFile; fileRef = 8405E9DF27EAA30A00F7B32E /* Assets.xcassets */; };
		8405E9E327EAA30A00F7B32E /* Preview Assets.xcassets in Resources */ = {isa = PBXBuildFile; fileRef = 8405E9E227EAA30A00F7B32E /* Preview Assets.xcassets */; };
		8405EA0D27EAE53600F7B32E /* CoreBluetooth.framework in Frameworks */ = {isa = PBXBuildFile; fileRef = 8405E9EB27EAB15800F7B32E /* CoreBluetooth.framework */; };
		8405EA0E27EAE55500F7B32E /* CoreLocation.framework in Frameworks */ = {isa = PBXBuildFile; fileRef = 8405EA0627EAE11200F7B32E /* CoreLocation.framework */; };
		8405EA1B27ED534C00F7B32E /* TemperatureService.swift in Sources */ = {isa = PBXBuildFile; fileRef = 8405EA1A27ED534C00F7B32E /* TemperatureService.swift */; };
		841D3B9827EED3660054023C /* BlueCapKit.framework in Frameworks */ = {isa = PBXBuildFile; fileRef = 841D3B9627EED34F0054023C /* BlueCapKit.framework */; };
		841D3B9927EED3660054023C /* BlueCapKit.framework in Embed Frameworks */ = {isa = PBXBuildFile; fileRef = 841D3B9627EED34F0054023C /* BlueCapKit.framework */; settings = {ATTRIBUTES = (CodeSignOnCopy, RemoveHeadersOnCopy, ); }; };
		844E57BD27F14D4F005E4BEC /* icon in Resources */ = {isa = PBXBuildFile; fileRef = 844E57BB27F14D4F005E4BEC /* icon */; };
		84EDDD7127F1696300AB87FE /* TemperatureUnitType.swift in Sources */ = {isa = PBXBuildFile; fileRef = 84EDDD7027F1696300AB87FE /* TemperatureUnitType.swift */; };
/* End PBXBuildFile section */

/* Begin PBXContainerItemProxy section */
		8405E9F227EADF4200F7B32E /* PBXContainerItemProxy */ = {
			isa = PBXContainerItemProxy;
			containerPortal = 8405E9EE27EADF4200F7B32E /* BlueCapKit.xcodeproj */;
			proxyType = 2;
			remoteGlobalIDString = 0551208219F5506000ED3B74;
			remoteInfo = BlueCapKit;
		};
		841D3B9527EED34F0054023C /* PBXContainerItemProxy */ = {
			isa = PBXContainerItemProxy;
			containerPortal = 841D3B9127EED34F0054023C /* BlueCapKit.xcodeproj */;
			proxyType = 2;
			remoteGlobalIDString = 0551208219F5506000ED3B74;
			remoteInfo = BlueCapKit;
		};
		841D3B9B27EED37B0054023C /* PBXContainerItemProxy */ = {
			isa = PBXContainerItemProxy;
			containerPortal = 841D3B9127EED34F0054023C /* BlueCapKit.xcodeproj */;
			proxyType = 1;
			remoteGlobalIDString = 0551208119F5506000ED3B74;
			remoteInfo = BlueCapKit;
		};
/* End PBXContainerItemProxy section */

/* Begin PBXCopyFilesBuildPhase section */
		841D3B9A27EED3660054023C /* Embed Frameworks */ = {
			isa = PBXCopyFilesBuildPhase;
			buildActionMask = 2147483647;
			dstPath = "";
			dstSubfolderSpec = 10;
			files = (
				841D3B9927EED3660054023C /* BlueCapKit.framework in Embed Frameworks */,
			);
			name = "Embed Frameworks";
			runOnlyForDeploymentPostprocessing = 0;
		};
/* End PBXCopyFilesBuildPhase section */

/* Begin PBXFileReference section */
		8405E9D827EAA30700F7B32E /* RPi-CPU-Temp.app */ = {isa = PBXFileReference; explicitFileType = wrapper.application; includeInIndex = 0; path = "RPi-CPU-Temp.app"; sourceTree = BUILT_PRODUCTS_DIR; };
		8405E9DB27EAA30700F7B32E /* RPi_CPU_TempApp.swift */ = {isa = PBXFileReference; lastKnownFileType = sourcecode.swift; path = RPi_CPU_TempApp.swift; sourceTree = "<group>"; };
		8405E9DD27EAA30700F7B32E /* ContentView.swift */ = {isa = PBXFileReference; lastKnownFileType = sourcecode.swift; path = ContentView.swift; sourceTree = "<group>"; };
		8405E9DF27EAA30A00F7B32E /* Assets.xcassets */ = {isa = PBXFileReference; lastKnownFileType = folder.assetcatalog; path = Assets.xcassets; sourceTree = "<group>"; };
		8405E9E227EAA30A00F7B32E /* Preview Assets.xcassets */ = {isa = PBXFileReference; lastKnownFileType = folder.assetcatalog; path = "Preview Assets.xcassets"; sourceTree = "<group>"; };
		8405E9E927EAB0CF00F7B32E /* Info.plist */ = {isa = PBXFileReference; lastKnownFileType = text.plist; path = Info.plist; sourceTree = "<group>"; };
		8405E9EB27EAB15800F7B32E /* CoreBluetooth.framework */ = {isa = PBXFileReference; lastKnownFileType = wrapper.framework; name = CoreBluetooth.framework; path = System/Library/Frameworks/CoreBluetooth.framework; sourceTree = SDKROOT; };
		8405E9EE27EADF4200F7B32E /* BlueCapKit.xcodeproj */ = {isa = PBXFileReference; lastKnownFileType = "wrapper.pb-project"; name = BlueCapKit.xcodeproj; path = BlueCap/BlueCapKit.xcodeproj; sourceTree = "<group>"; };
		8405EA0627EAE11200F7B32E /* CoreLocation.framework */ = {isa = PBXFileReference; lastKnownFileType = wrapper.framework; name = CoreLocation.framework; path = System/Library/Frameworks/CoreLocation.framework; sourceTree = SDKROOT; };
		8405EA1A27ED534C00F7B32E /* TemperatureService.swift */ = {isa = PBXFileReference; fileEncoding = 4; lastKnownFileType = sourcecode.swift; path = TemperatureService.swift; sourceTree = "<group>"; };
		841D3B9127EED34F0054023C /* BlueCapKit.xcodeproj */ = {isa = PBXFileReference; lastKnownFileType = "wrapper.pb-project"; name = BlueCapKit.xcodeproj; path = BlueCap/BlueCapKit.xcodeproj; sourceTree = "<group>"; };
		844E57BB27F14D4F005E4BEC /* icon */ = {isa = PBXFileReference; lastKnownFileType = folder; path = icon; sourceTree = "<group>"; };
		84EDDD7027F1696300AB87FE /* TemperatureUnitType.swift */ = {isa = PBXFileReference; lastKnownFileType = sourcecode.swift; path = TemperatureUnitType.swift; sourceTree = "<group>"; };
/* End PBXFileReference section */

/* Begin PBXFrameworksBuildPhase section */
		8405E9D527EAA30700F7B32E /* Frameworks */ = {
			isa = PBXFrameworksBuildPhase;
			buildActionMask = 2147483647;
			files = (
				8405EA0E27EAE55500F7B32E /* CoreLocation.framework in Frameworks */,
				841D3B9827EED3660054023C /* BlueCapKit.framework in Frameworks */,
				8405EA0D27EAE53600F7B32E /* CoreBluetooth.framework in Frameworks */,
			);
			runOnlyForDeploymentPostprocessing = 0;
		};
/* End PBXFrameworksBuildPhase section */

/* Begin PBXGroup section */
		8405E9CF27EAA30700F7B32E = {
			isa = PBXGroup;
			children = (
				841D3B9127EED34F0054023C /* BlueCapKit.xcodeproj */,
				8405E9DA27EAA30700F7B32E /* RPi-CPU-Temp */,
				8405E9D927EAA30700F7B32E /* Products */,
				8405E9EA27EAB15800F7B32E /* Frameworks */,
			);
			sourceTree = "<group>";
		};
		8405E9D927EAA30700F7B32E /* Products */ = {
			isa = PBXGroup;
			children = (
				8405E9D827EAA30700F7B32E /* RPi-CPU-Temp.app */,
			);
			name = Products;
			sourceTree = "<group>";
		};
		8405E9DA27EAA30700F7B32E /* RPi-CPU-Temp */ = {
			isa = PBXGroup;
			children = (
				8405E9E927EAB0CF00F7B32E /* Info.plist */,
				8405E9DB27EAA30700F7B32E /* RPi_CPU_TempApp.swift */,
				8405E9DD27EAA30700F7B32E /* ContentView.swift */,
				8405EA1A27ED534C00F7B32E /* TemperatureService.swift */,
				8405E9DF27EAA30A00F7B32E /* Assets.xcassets */,
				8405E9E127EAA30A00F7B32E /* Preview Content */,
				84EDDD7027F1696300AB87FE /* TemperatureUnitType.swift */,
			);
			path = "RPi-CPU-Temp";
			sourceTree = "<group>";
		};
		8405E9E127EAA30A00F7B32E /* Preview Content */ = {
			isa = PBXGroup;
			children = (
				8405E9E227EAA30A00F7B32E /* Preview Assets.xcassets */,
			);
			path = "Preview Content";
			sourceTree = "<group>";
		};
		8405E9EA27EAB15800F7B32E /* Frameworks */ = {
			isa = PBXGroup;
			children = (
				844E57BB27F14D4F005E4BEC /* icon */,
				8405EA0627EAE11200F7B32E /* CoreLocation.framework */,
				8405E9EE27EADF4200F7B32E /* BlueCapKit.xcodeproj */,
				8405E9EB27EAB15800F7B32E /* CoreBluetooth.framework */,
			);
			name = Frameworks;
			sourceTree = "<group>";
		};
		8405E9EF27EADF4200F7B32E /* Products */ = {
			isa = PBXGroup;
			children = (
				8405E9F327EADF4200F7B32E /* BlueCapKit.framework */,
			);
			name = Products;
			sourceTree = "<group>";
		};
		841D3B9227EED34F0054023C /* Products */ = {
			isa = PBXGroup;
			children = (
				841D3B9627EED34F0054023C /* BlueCapKit.framework */,
			);
			name = Products;
			sourceTree = "<group>";
		};
/* End PBXGroup section */

/* Begin PBXNativeTarget section */
		8405E9D727EAA30700F7B32E /* RPi-CPU-Temp */ = {
			isa = PBXNativeTarget;
			buildConfigurationList = 8405E9E627EAA30A00F7B32E /* Build configuration list for PBXNativeTarget "RPi-CPU-Temp" */;
			buildPhases = (
				8405E9D427EAA30700F7B32E /* Sources */,
				8405E9D527EAA30700F7B32E /* Frameworks */,
				8405E9D627EAA30700F7B32E /* Resources */,
				841D3B9A27EED3660054023C /* Embed Frameworks */,
			);
			buildRules = (
			);
			dependencies = (
				841D3B9C27EED37B0054023C /* PBXTargetDependency */,
			);
			name = "RPi-CPU-Temp";
			productName = "RPi-CPU-Temp";
			productReference = 8405E9D827EAA30700F7B32E /* RPi-CPU-Temp.app */;
			productType = "com.apple.product-type.application";
		};
/* End PBXNativeTarget section */

/* Begin PBXProject section */
		8405E9D027EAA30700F7B32E /* Project object */ = {
			isa = PBXProject;
			attributes = {
				BuildIndependentTargetsInParallel = 1;
				LastSwiftUpdateCheck = 1320;
				LastUpgradeCheck = 1320;
				TargetAttributes = {
					8405E9D727EAA30700F7B32E = {
						CreatedOnToolsVersion = 13.2.1;
					};
				};
			};
			buildConfigurationList = 8405E9D327EAA30700F7B32E /* Build configuration list for PBXProject "RPi-CPU-Temp" */;
			compatibilityVersion = "Xcode 13.0";
			developmentRegion = en;
			hasScannedForEncodings = 0;
			knownRegions = (
				en,
				Base,
			);
			mainGroup = 8405E9CF27EAA30700F7B32E;
			productRefGroup = 8405E9D927EAA30700F7B32E /* Products */;
			projectDirPath = "";
			projectReferences = (
				{
					ProductGroup = 841D3B9227EED34F0054023C /* Products */;
					ProjectRef = 841D3B9127EED34F0054023C /* BlueCapKit.xcodeproj */;
				},
				{
					ProductGroup = 8405E9EF27EADF4200F7B32E /* Products */;
					ProjectRef = 8405E9EE27EADF4200F7B32E /* BlueCapKit.xcodeproj */;
				},
			);
			projectRoot = "";
			targets = (
				8405E9D727EAA30700F7B32E /* RPi-CPU-Temp */,
			);
		};
/* End PBXProject section */

/* Begin PBXReferenceProxy section */
		8405E9F327EADF4200F7B32E /* BlueCapKit.framework */ = {
			isa = PBXReferenceProxy;
			fileType = wrapper.framework;
			path = BlueCapKit.framework;
			remoteRef = 8405E9F227EADF4200F7B32E /* PBXContainerItemProxy */;
			sourceTree = BUILT_PRODUCTS_DIR;
		};
		841D3B9627EED34F0054023C /* BlueCapKit.framework */ = {
			isa = PBXReferenceProxy;
			fileType = wrapper.framework;
			path = BlueCapKit.framework;
			remoteRef = 841D3B9527EED34F0054023C /* PBXContainerItemProxy */;
			sourceTree = BUILT_PRODUCTS_DIR;
		};
/* End PBXReferenceProxy section */

/* Begin PBXResourcesBuildPhase section */
		8405E9D627EAA30700F7B32E /* Resources */ = {
			isa = PBXResourcesBuildPhase;
			buildActionMask = 2147483647;
			files = (
				8405E9E327EAA30A00F7B32E /* Preview Assets.xcassets in Resources */,
				844E57BD27F14D4F005E4BEC /* icon in Resources */,
				8405E9E027EAA30A00F7B32E /* Assets.xcassets in Resources */,
			);
			runOnlyForDeploymentPostprocessing = 0;
		};
/* End PBXResourcesBuildPhase section */

/* Begin PBXSourcesBuildPhase section */
		8405E9D427EAA30700F7B32E /* Sources */ = {
			isa = PBXSourcesBuildPhase;
			buildActionMask = 2147483647;
			files = (
				8405EA1B27ED534C00F7B32E /* TemperatureService.swift in Sources */,
				8405E9DE27EAA30700F7B32E /* ContentView.swift in Sources */,
				84EDDD7127F1696300AB87FE /* TemperatureUnitType.swift in Sources */,
				8405E9DC27EAA30700F7B32E /* RPi_CPU_TempApp.swift in Sources */,
			);
			runOnlyForDeploymentPostprocessing = 0;
		};
/* End PBXSourcesBuildPhase section */

/* Begin PBXTargetDependency section */
		841D3B9C27EED37B0054023C /* PBXTargetDependency */ = {
			isa = PBXTargetDependency;
			name = BlueCapKit;
			targetProxy = 841D3B9B27EED37B0054023C /* PBXContainerItemProxy */;
		};
/* End PBXTargetDependency section */

/* Begin XCBuildConfiguration section */
		8405E9E427EAA30A00F7B32E /* Debug */ = {
			isa = XCBuildConfiguration;
			buildSettings = {
				ALWAYS_SEARCH_USER_PATHS = NO;
				CLANG_ANALYZER_NONNULL = YES;
				CLANG_ANALYZER_NUMBER_OBJECT_CONVERSION = YES_AGGRESSIVE;
				CLANG_CXX_LANGUAGE_STANDARD = "gnu++17";
				CLANG_CXX_LIBRARY = "libc++";
				CLANG_ENABLE_MODULES = YES;
				CLANG_ENABLE_OBJC_ARC = YES;
				CLANG_ENABLE_OBJC_WEAK = YES;
				CLANG_WARN_BLOCK_CAPTURE_AUTORELEASING = YES;
				CLANG_WARN_BOOL_CONVERSION = YES;
				CLANG_WARN_COMMA = YES;
				CLANG_WARN_CONSTANT_CONVERSION = YES;
				CLANG_WARN_DEPRECATED_OBJC_IMPLEMENTATIONS = YES;
				CLANG_WARN_DIRECT_OBJC_ISA_USAGE = YES_ERROR;
				CLANG_WARN_DOCUMENTATION_COMMENTS = YES;
				CLANG_WARN_EMPTY_BODY = YES;
				CLANG_WARN_ENUM_CONVERSION = YES;
				CLANG_WARN_INFINITE_RECURSION = YES;
				CLANG_WARN_INT_CONVERSION = YES;
				CLANG_WARN_NON_LITERAL_NULL_CONVERSION = YES;
				CLANG_WARN_OBJC_IMPLICIT_RETAIN_SELF = YES;
				CLANG_WARN_OBJC_LITERAL_CONVERSION = YES;
				CLANG_WARN_OBJC_ROOT_CLASS = YES_ERROR;
				CLANG_WARN_QUOTED_INCLUDE_IN_FRAMEWORK_HEADER = YES;
				CLANG_WARN_RANGE_LOOP_ANALYSIS = YES;
				CLANG_WARN_STRICT_PROTOTYPES = YES;
				CLANG_WARN_SUSPICIOUS_MOVE = YES;
				CLANG_WARN_UNGUARDED_AVAILABILITY = YES_AGGRESSIVE;
				CLANG_WARN_UNREACHABLE_CODE = YES;
				CLANG_WARN__DUPLICATE_METHOD_MATCH = YES;
				COPY_PHASE_STRIP = NO;
				DEBUG_INFORMATION_FORMAT = dwarf;
				ENABLE_STRICT_OBJC_MSGSEND = YES;
				ENABLE_TESTABILITY = YES;
				GCC_C_LANGUAGE_STANDARD = gnu11;
				GCC_DYNAMIC_NO_PIC = NO;
				GCC_NO_COMMON_BLOCKS = YES;
				GCC_OPTIMIZATION_LEVEL = 0;
				GCC_PREPROCESSOR_DEFINITIONS = (
					"DEBUG=1",
					"$(inherited)",
				);
				GCC_WARN_64_TO_32_BIT_CONVERSION = YES;
				GCC_WARN_ABOUT_RETURN_TYPE = YES_ERROR;
				GCC_WARN_UNDECLARED_SELECTOR = YES;
				GCC_WARN_UNINITIALIZED_AUTOS = YES_AGGRESSIVE;
				GCC_WARN_UNUSED_FUNCTION = YES;
				GCC_WARN_UNUSED_VARIABLE = YES;
				IPHONEOS_DEPLOYMENT_TARGET = 15.0;
				MTL_ENABLE_DEBUG_INFO = INCLUDE_SOURCE;
				MTL_FAST_MATH = YES;
				ONLY_ACTIVE_ARCH = YES;
				SDKROOT = iphoneos;
				SWIFT_ACTIVE_COMPILATION_CONDITIONS = DEBUG;
				SWIFT_OPTIMIZATION_LEVEL = "-Onone";
			};
			name = Debug;
		};
		8405E9E527EAA30A00F7B32E /* Release */ = {
			isa = XCBuildConfiguration;
			buildSettings = {
				ALWAYS_SEARCH_USER_PATHS = NO;
				CLANG_ANALYZER_NONNULL = YES;
				CLANG_ANALYZER_NUMBER_OBJECT_CONVERSION = YES_AGGRESSIVE;
				CLANG_CXX_LANGUAGE_STANDARD = "gnu++17";
				CLANG_CXX_LIBRARY = "libc++";
				CLANG_ENABLE_MODULES = YES;
				CLANG_ENABLE_OBJC_ARC = YES;
				CLANG_ENABLE_OBJC_WEAK = YES;
				CLANG_WARN_BLOCK_CAPTURE_AUTORELEASING = YES;
				CLANG_WARN_BOOL_CONVERSION = YES;
				CLANG_WARN_COMMA = YES;
				CLANG_WARN_CONSTANT_CONVERSION = YES;
				CLANG_WARN_DEPRECATED_OBJC_IMPLEMENTATIONS = YES;
				CLANG_WARN_DIRECT_OBJC_ISA_USAGE = YES_ERROR;
				CLANG_WARN_DOCUMENTATION_COMMENTS = YES;
				CLANG_WARN_EMPTY_BODY = YES;
				CLANG_WARN_ENUM_CONVERSION = YES;
				CLANG_WARN_INFINITE_RECURSION = YES;
				CLANG_WARN_INT_CONVERSION = YES;
				CLANG_WARN_NON_LITERAL_NULL_CONVERSION = YES;
				CLANG_WARN_OBJC_IMPLICIT_RETAIN_SELF = YES;
				CLANG_WARN_OBJC_LITERAL_CONVERSION = YES;
				CLANG_WARN_OBJC_ROOT_CLASS = YES_ERROR;
				CLANG_WARN_QUOTED_INCLUDE_IN_FRAMEWORK_HEADER = YES;
				CLANG_WARN_RANGE_LOOP_ANALYSIS = YES;
				CLANG_WARN_STRICT_PROTOTYPES = YES;
				CLANG_WARN_SUSPICIOUS_MOVE = YES;
				CLANG_WARN_UNGUARDED_AVAILABILITY = YES_AGGRESSIVE;
				CLANG_WARN_UNREACHABLE_CODE = YES;
				CLANG_WARN__DUPLICATE_METHOD_MATCH = YES;
				COPY_PHASE_STRIP = NO;
				DEBUG_INFORMATION_FORMAT = "dwarf-with-dsym";
				ENABLE_NS_ASSERTIONS = NO;
				ENABLE_STRICT_OBJC_MSGSEND = YES;
				GCC_C_LANGUAGE_STANDARD = gnu11;
				GCC_NO_COMMON_BLOCKS = YES;
				GCC_WARN_64_TO_32_BIT_CONVERSION = YES;
				GCC_WARN_ABOUT_RETURN_TYPE = YES_ERROR;
				GCC_WARN_UNDECLARED_SELECTOR = YES;
				GCC_WARN_UNINITIALIZED_AUTOS = YES_AGGRESSIVE;
				GCC_WARN_UNUSED_FUNCTION = YES;
				GCC_WARN_UNUSED_VARIABLE = YES;
				IPHONEOS_DEPLOYMENT_TARGET = 15.0;
				MTL_ENABLE_DEBUG_INFO = NO;
				MTL_FAST_MATH = YES;
				SDKROOT = iphoneos;
				SWIFT_COMPILATION_MODE = wholemodule;
				SWIFT_OPTIMIZATION_LEVEL = "-O";
				VALIDATE_PRODUCT = YES;
			};
			name = Release;
		};
		8405E9E727EAA30A00F7B32E /* Debug */ = {
			isa = XCBuildConfiguration;
			buildSettings = {
				ASSETCATALOG_COMPILER_APPICON_NAME = AppIcon;
				ASSETCATALOG_COMPILER_GLOBAL_ACCENT_COLOR_NAME = AccentColor;
				CODE_SIGN_STYLE = Automatic;
				CURRENT_PROJECT_VERSION = 1;
				DEVELOPMENT_ASSET_PATHS = "\"RPi-CPU-Temp/Preview Content\"";
				DEVELOPMENT_TEAM = N78PB6ZZ5Q;
				ENABLE_PREVIEWS = YES;
				GENERATE_INFOPLIST_FILE = YES;
				INFOPLIST_FILE = "RPi-CPU-Temp/Info.plist";
				INFOPLIST_KEY_UIApplicationSceneManifest_Generation = YES;
				INFOPLIST_KEY_UIApplicationSupportsIndirectInputEvents = YES;
				INFOPLIST_KEY_UILaunchScreen_Generation = YES;
				INFOPLIST_KEY_UISupportedInterfaceOrientations_iPad = "UIInterfaceOrientationPortrait UIInterfaceOrientationPortraitUpsideDown UIInterfaceOrientationLandscapeLeft UIInterfaceOrientationLandscapeRight";
				INFOPLIST_KEY_UISupportedInterfaceOrientations_iPhone = "UIInterfaceOrientationPortrait UIInterfaceOrientationLandscapeLeft UIInterfaceOrientationLandscapeRight";
				LD_RUNPATH_SEARCH_PATHS = (
					"$(inherited)",
					"@executable_path/Frameworks",
				);
				MARKETING_VERSION = 1.0;
				PRODUCT_BUNDLE_IDENTIFIER = "com.ryan.wade.science.RPi-CPU-Temp";
				PRODUCT_NAME = "$(TARGET_NAME)";
				SWIFT_EMIT_LOC_STRINGS = YES;
				SWIFT_VERSION = 5.0;
				TARGETED_DEVICE_FAMILY = "1,2";
			};
			name = Debug;
		};
		8405E9E827EAA30A00F7B32E /* Release */ = {
			isa = XCBuildConfiguration;
			buildSettings = {
				ASSETCATALOG_COMPILER_APPICON_NAME = AppIcon;
				ASSETCATALOG_COMPILER_GLOBAL_ACCENT_COLOR_NAME = AccentColor;
				CODE_SIGN_STYLE = Automatic;
				CURRENT_PROJECT_VERSION = 1;
				DEVELOPMENT_ASSET_PATHS = "\"RPi-CPU-Temp/Preview Content\"";
				DEVELOPMENT_TEAM = N78PB6ZZ5Q;
				ENABLE_PREVIEWS = YES;
				GENERATE_INFOPLIST_FILE = YES;
				INFOPLIST_FILE = "RPi-CPU-Temp/Info.plist";
				INFOPLIST_KEY_UIApplicationSceneManifest_Generation = YES;
				INFOPLIST_KEY_UIApplicationSupportsIndirectInputEvents = YES;
				INFOPLIST_KEY_UILaunchScreen_Generation = YES;
				INFOPLIST_KEY_UISupportedInterfaceOrientations_iPad = "UIInterfaceOrientationPortrait UIInterfaceOrientationPortraitUpsideDown UIInterfaceOrientationLandscapeLeft UIInterfaceOrientationLandscapeRight";
				INFOPLIST_KEY_UISupportedInterfaceOrientations_iPhone = "UIInterfaceOrientationPortrait UIInterfaceOrientationLandscapeLeft UIInterfaceOrientationLandscapeRight";
				LD_RUNPATH_SEARCH_PATHS = (
					"$(inherited)",
					"@executable_path/Frameworks",
				);
				MARKETING_VERSION = 1.0;
				PRODUCT_BUNDLE_IDENTIFIER = "com.ryan.wade.science.RPi-CPU-Temp";
				PRODUCT_NAME = "$(TARGET_NAME)";
				SWIFT_EMIT_LOC_STRINGS = YES;
				SWIFT_VERSION = 5.0;
				TARGETED_DEVICE_FAMILY = "1,2";
			};
			name = Release;
		};
/* End XCBuildConfiguration section */

/* Begin XCConfigurationList section */
		8405E9D327EAA30700F7B32E /* Build configuration list for PBXProject "RPi-CPU-Temp" */ = {
			isa = XCConfigurationList;
			buildConfigurations = (
				8405E9E427EAA30A00F7B32E /* Debug */,
				8405E9E527EAA30A00F7B32E /* Release */,
			);
			defaultConfigurationIsVisible = 0;
			defaultConfigurationName = Release;
		};
		8405E9E627EAA30A00F7B32E /* Build configuration list for PBXNativeTarget "RPi-CPU-Temp" */ = {
			isa = XCConfigurationList;
			buildConfigurations = (
				8405E9E727EAA30A00F7B32E /* Debug */,
				8405E9E827EAA30A00F7B32E /* Release */,
			);
			defaultConfigurationIsVisible = 0;
			defaultConfigurationName = Release;
		};
/* End XCConfigurationList section */
	};
	rootObject = 8405E9D027EAA30700F7B32E /* Project object */;
}
